
Microsoft Visual Studio Solution File, Format Version 12.00
# Visual Studio Version 17
VisualStudioVersion = 17.5.2.0
MinimumVisualStudioVersion = 10.0.40219.1
Project("{FAE04EC0-301F-11D3-BF4B-00C04F79EFBC}") = "RSA", "RSA.csproj", "{132CB2E8-4236-6FBA-F44E-A43DD7FD0E81}"
EndProject
Project("{FAE04EC0-301F-11D3-BF4B-00C04F79EFBC}") = "unittests", "unittests\unittests.csproj", "{25E0C6EB-438B-4C40-A8B6-A787DD09D5BA}"
EndProject
Global
	GlobalSection(SolutionConfigurationPlatforms) = preSolution
		Debug|Any CPU = Debug|Any CPU
		Debug|x64 = Debug|x64
		Debug|x86 = Debug|x86
		Release|Any CPU = Release|Any CPU
		Release|x64 = Release|x64
		Release|x86 = Release|x86
	EndGlobalSection
	GlobalSection(ProjectConfigurationPlatforms) = postSolution
		{132CB2E8-4236-6FBA-F44E-A43DD7FD0E81}.Debug|Any CPU.ActiveCfg = Debug|Any CPU
		{132CB2E8-4236-6FBA-F44E-A43DD7FD0E81}.Debug|Any CPU.Build.0 = Debug|Any CPU
		{132CB2E8-4236-6FBA-F44E-A43DD7FD0E81}.Debug|x64.ActiveCfg = Debug|Any CPU
		{132CB2E8-4236-6FBA-F44E-A43DD7FD0E81}.Debug|x64.Build.0 = Debug|Any CPU
		{132CB2E8-4236-6FBA-F44E-A43DD7FD0E81}.Debug|x86.ActiveCfg = Debug|Any CPU
		{132CB2E8-4236-6FBA-F44E-A43DD7FD0E81}.Debug|x86.Build.0 = Debug|Any CPU
		{132CB2E8-4236-6FBA-F44E-A43DD7FD0E81}.Release|Any CPU.ActiveCfg = Release|Any CPU
		{132CB2E8-4236-6FBA-F44E-A43DD7FD0E81}.Release|Any CPU.Build.0 = Release|Any CPU
		{132CB2E8-4236-6FBA-F44E-A43DD7FD0E81}.Release|x64.ActiveCfg = Release|Any CPU
		{132CB2E8-4236-6FBA-F44E-A43DD7FD0E81}.Release|x64.Build.0 = Release|Any CPU
		{132CB2E8-4236-6FBA-F44E-A43DD7FD0E81}.Release|x86.ActiveCfg = Release|Any CPU
		{132CB2E8-4236-6FBA-F44E-A43DD7FD0E81}.Release|x86.Build.0 = Release|Any CPU
		{25E0C6EB-438B-4C40-A8B6-A787DD09D5BA}.Debug|Any CPU.ActiveCfg = Debug|Any CPU
		{25E0C6EB-438B-4C40-A8B6-A787DD09D5BA}.Debug|Any CPU.Build.0 = Debug|Any CPU
		{25E0C6EB-438B-4C40-A8B6-A787DD09D5BA}.Debug|x64.ActiveCfg = Debug|Any CPU
		{25E0C6EB-438B-4C40-A8B6-A787DD09D5BA}.Debug|x64.Build.0 = Debug|Any CPU
		{25E0C6EB-438B-4C40-A8B6-A787DD09D5BA}.Debug|x86.ActiveCfg = Debug|Any CPU
		{25E0C6EB-438B-4C40-A8B6-A787DD09D5BA}.Debug|x86.Build.0 = Debug|Any CPU
		{25E0C6EB-438B-4C40-A8B6-A787DD09D5BA}.Release|Any CPU.ActiveCfg = Release|Any CPU
		{25E0C6EB-438B-4C40-A8B6-A787DD09D5BA}.Release|Any CPU.Build.0 = Release|Any CPU
		{25E0C6EB-438B-4C40-A8B6-A787DD09D5BA}.Release|x64.ActiveCfg = Release|Any CPU
		{25E0C6EB-438B-4C40-A8B6-A787DD09D5BA}.Release|x64.Build.0 = Release|Any CPU
		{25E0C6EB-438B-4C40-A8B6-A787DD09D5BA}.Release|x86.ActiveCfg = Release|Any CPU
		{25E0C6EB-438B-4C40-A8B6-A787DD09D5BA}.Release|x86.Build.0 = Release|Any CPU
	EndGlobalSection
	GlobalSection(SolutionProperties) = preSolution
		HideSolutionNode = FALSE
	EndGlobalSection
	GlobalSection(ExtensibilityGlobals) = postSolution
		SolutionGuid = {212D771C-6F00-48F4-8436-C8AA8B30F6F0}
	EndGlobalSection
EndGlobal
